
Microsoft Visual Studio Solution File, Format Version 12.00
# Visual Studio Version 17
VisualStudioVersion = 17.5.33516.290
MinimumVisualStudioVersion = 10.0.40219.1
Project("{FAE04EC0-301F-11D3-BF4B-00C04F79EFBC}") = "JenkinGithub", "JenkinGithub.csproj", "{5DCCB7DA-F01B-4EEB-98B4-8F3F27BB2947}"
EndProject
Project("{FAE04EC0-301F-11D3-BF4B-00C04F79EFBC}") = "JenkinGithub.Tests", "..\JenkinGithub.Tests\JenkinGithub.Tests.csproj", "{77611F79-436B-446F-A917-F7F2F0477764}"
EndProject
Global
	GlobalSection(SolutionConfigurationPlatforms) = preSolution
		Debug|Any CPU = Debug|Any CPU
		Release|Any CPU = Release|Any CPU
	EndGlobalSection
	GlobalSection(ProjectConfigurationPlatforms) = postSolution
		{5DCCB7DA-F01B-4EEB-98B4-8F3F27BB2947}.Debug|Any CPU.ActiveCfg = Debug|Any CPU
		{5DCCB7DA-F01B-4EEB-98B4-8F3F27BB2947}.Debug|Any CPU.Build.0 = Debug|Any CPU
		{5DCCB7DA-F01B-4EEB-98B4-8F3F27BB2947}.Release|Any CPU.ActiveCfg = Release|Any CPU
		{5DCCB7DA-F01B-4EEB-98B4-8F3F27BB2947}.Release|Any CPU.Build.0 = Release|Any CPU
		{77611F79-436B-446F-A917-F7F2F0477764}.Debug|Any CPU.ActiveCfg = Debug|Any CPU
		{77611F79-436B-446F-A917-F7F2F0477764}.Debug|Any CPU.Build.0 = Debug|Any CPU
		{77611F79-436B-446F-A917-F7F2F0477764}.Release|Any CPU.ActiveCfg = Release|Any CPU
		{77611F79-436B-446F-A917-F7F2F0477764}.Release|Any CPU.Build.0 = Release|Any CPU
	EndGlobalSection
	GlobalSection(SolutionProperties) = preSolution
		HideSolutionNode = FALSE
	EndGlobalSection
	GlobalSection(ExtensibilityGlobals) = postSolution
		SolutionGuid = {E1D73E42-912B-4226-9C02-5263B008561D}
	EndGlobalSection
EndGlobal
